
Microsoft Visual Studio Solution File, Format Version 12.00
# Visual Studio Version 17
VisualStudioVersion = 17.1.32328.378
MinimumVisualStudioVersion = 10.0.40219.1
Project("{9A19103F-16F7-4668-BE54-9A1E7A4F7556}") = "DataAccess", "DataAccess\DataAccess.csproj", "{0CE76CF1-9A3B-4DA0-9619-25D138C29E21}"
EndProject
Project("{9A19103F-16F7-4668-BE54-9A1E7A4F7556}") = "Business", "Business\Business.csproj", "{34404907-57DF-4F79-9D3C-0162E89BBCF2}"
EndProject
Project("{9A19103F-16F7-4668-BE54-9A1E7A4F7556}") = "Entities", "Entities\Entities.csproj", "{C7874828-9A91-4125-AC9F-C1502278D4E1}"
EndProject
Project("{9A19103F-16F7-4668-BE54-9A1E7A4F7556}") = "ConsoleUI", "ConsoleUI\ConsoleUI.csproj", "{1E3932BF-08E0-4785-A31E-1F75150EF16B}"
EndProject
Project("{9A19103F-16F7-4668-BE54-9A1E7A4F7556}") = "Core", "Core\Core.csproj", "{97931FA0-F775-440A-80E3-EAFC83DC2F29}"
EndProject
Project("{FAE04EC0-301F-11D3-BF4B-00C04F79EFBC}") = "WebAPI", "WebAPI\WebAPI.csproj", "{E3C2226A-F188-4CD0-B39F-8782AA2F9CBE}"
EndProject
Global
	GlobalSection(SolutionConfigurationPlatforms) = preSolution
		Debug|Any CPU = Debug|Any CPU
		Release|Any CPU = Release|Any CPU
	EndGlobalSection
	GlobalSection(ProjectConfigurationPlatforms) = postSolution
		{0CE76CF1-9A3B-4DA0-9619-25D138C29E21}.Debug|Any CPU.ActiveCfg = Debug|Any CPU
		{0CE76CF1-9A3B-4DA0-9619-25D138C29E21}.Debug|Any CPU.Build.0 = Debug|Any CPU
		{0CE76CF1-9A3B-4DA0-9619-25D138C29E21}.Release|Any CPU.ActiveCfg = Release|Any CPU
		{0CE76CF1-9A3B-4DA0-9619-25D138C29E21}.Release|Any CPU.Build.0 = Release|Any CPU
		{34404907-57DF-4F79-9D3C-0162E89BBCF2}.Debug|Any CPU.ActiveCfg = Debug|Any CPU
		{34404907-57DF-4F79-9D3C-0162E89BBCF2}.Debug|Any CPU.Build.0 = Debug|Any CPU
		{34404907-57DF-4F79-9D3C-0162E89BBCF2}.Release|Any CPU.ActiveCfg = Release|Any CPU
		{34404907-57DF-4F79-9D3C-0162E89BBCF2}.Release|Any CPU.Build.0 = Release|Any CPU
		{C7874828-9A91-4125-AC9F-C1502278D4E1}.Debug|Any CPU.ActiveCfg = Debug|Any CPU
		{C7874828-9A91-4125-AC9F-C1502278D4E1}.Debug|Any CPU.Build.0 = Debug|Any CPU
		{C7874828-9A91-4125-AC9F-C1502278D4E1}.Release|Any CPU.ActiveCfg = Release|Any CPU
		{C7874828-9A91-4125-AC9F-C1502278D4E1}.Release|Any CPU.Build.0 = Release|Any CPU
		{1E3932BF-08E0-4785-A31E-1F75150EF16B}.Debug|Any CPU.ActiveCfg = Debug|Any CPU
		{1E3932BF-08E0-4785-A31E-1F75150EF16B}.Debug|Any CPU.Build.0 = Debug|Any CPU
		{1E3932BF-08E0-4785-A31E-1F75150EF16B}.Release|Any CPU.ActiveCfg = Release|Any CPU
		{1E3932BF-08E0-4785-A31E-1F75150EF16B}.Release|Any CPU.Build.0 = Release|Any CPU
		{97931FA0-F775-440A-80E3-EAFC83DC2F29}.Debug|Any CPU.ActiveCfg = Debug|Any CPU
		{97931FA0-F775-440A-80E3-EAFC83DC2F29}.Debug|Any CPU.Build.0 = Debug|Any CPU
		{97931FA0-F775-440A-80E3-EAFC83DC2F29}.Release|Any CPU.ActiveCfg = Release|Any CPU
		{97931FA0-F775-440A-80E3-EAFC83DC2F29}.Release|Any CPU.Build.0 = Release|Any CPU
		{E3C2226A-F188-4CD0-B39F-8782AA2F9CBE}.Debug|Any CPU.ActiveCfg = Debug|Any CPU
		{E3C2226A-F188-4CD0-B39F-8782AA2F9CBE}.Debug|Any CPU.Build.0 = Debug|Any CPU
		{E3C2226A-F188-4CD0-B39F-8782AA2F9CBE}.Release|Any CPU.ActiveCfg = Release|Any CPU
		{E3C2226A-F188-4CD0-B39F-8782AA2F9CBE}.Release|Any CPU.Build.0 = Release|Any CPU
	EndGlobalSection
	GlobalSection(SolutionProperties) = preSolution
		HideSolutionNode = FALSE
	EndGlobalSection
	GlobalSection(ExtensibilityGlobals) = postSolution
		SolutionGuid = {A9F4BFF6-F3DD-4007-997D-ABC87A68CF59}
	EndGlobalSection
EndGlobal
